
Microsoft Visual Studio Solution File, Format Version 12.00
# Visual Studio 2012
Project("{8BC9CEB8-8B4A-11D0-8D11-00A0C91BC942}") = "HardLight", "HardLight\HardLight.vcxproj", "{73B64393-49F0-423A-AAF5-D2513FB4041D}"
EndProject
Global
	GlobalSection(SolutionConfigurationPlatforms) = preSolution
		Debug|Win32 = Debug|Win32
		Release|Win32 = Release|Win32
	EndGlobalSection
	GlobalSection(ProjectConfigurationPlatforms) = postSolution
		{73B64393-49F0-423A-AAF5-D2513FB4041D}.Debug|Win32.ActiveCfg = Debug|Win32
		{73B64393-49F0-423A-AAF5-D2513FB4041D}.Debug|Win32.Build.0 = Debug|Win32
		{73B64393-49F0-423A-AAF5-D2513FB4041D}.Release|Win32.ActiveCfg = Release|Win32
		{73B64393-49F0-423A-AAF5-D2513FB4041D}.Release|Win32.Build.0 = Release|Win32
	EndGlobalSection
	GlobalSection(SolutionProperties) = preSolution
		HideSolutionNode = FALSE
	EndGlobalSection
EndGlobal
