<?xml version="1.0" encoding="utf-8"?>
<Project ToolsVersion="4.0" xmlns="http://schemas.microsoft.com/developer/msbuild/2003">
  <ItemGroup>
    <ClCompile Include="main.cpp" />
    <ClCompile Include="inih\ini.c">
      <Filter>INIReader</Filter>
    </ClCompile>
    <ClCompile Include="inih\cpp\INIReader.cpp">
      <Filter>INIReader</Filter>
    </ClCompile>
    <ClCompile Include="SnippetVehicleCommon\SnippetVehicle4WCreate.cpp">
      <Filter>PhysX</Filter>
    </ClCompile>
    <ClCompile Include="SnippetVehicleCommon\SnippetVehicleCreate.cpp">
      <Filter>PhysX</Filter>
    </ClCompile>
    <ClCompile Include="SnippetVehicleCommon\SnippetVehicleFilterShader.cpp">
      <Filter>PhysX</Filter>
    </ClCompile>
    <ClCompile Include="SnippetVehicleCommon\SnippetVehicleNoDriveCreate.cpp">
      <Filter>PhysX</Filter>
    </ClCompile>
    <ClCompile Include="SnippetVehicleCommon\SnippetVehicleRaycast.cpp">
      <Filter>PhysX</Filter>
    </ClCompile>
    <ClCompile Include="SnippetVehicleCommon\SnippetVehicleTireFriction.cpp">
      <Filter>PhysX</Filter>
    </ClCompile>
    <ClCompile Include="SkyBox.cpp">
      <Filter>World</Filter>
    </ClCompile>
    <ClCompile Include="src\HardLight.cpp">
      <Filter>HardLight</Filter>
    </ClCompile>
    <ClCompile Include="src\HL_CreateVehicle.cpp">
      <Filter>HardLight</Filter>
    </ClCompile>
    <ClCompile Include="src\HL_OnCleanup.cpp">
      <Filter>HardLight</Filter>
    </ClCompile>
    <ClCompile Include="src\HL_OnEvent.cpp">
      <Filter>HardLight</Filter>
    </ClCompile>
    <ClCompile Include="src\HL_OnExecute.cpp">
      <Filter>HardLight</Filter>
    </ClCompile>
    <ClCompile Include="src\HL_OnInit.cpp">
      <Filter>HardLight</Filter>
    </ClCompile>
    <ClCompile Include="src\HL_OnLoop.cpp">
      <Filter>HardLight</Filter>
    </ClCompile>
    <ClCompile Include="src\HL_OnRender.cpp">
      <Filter>HardLight</Filter>
    </ClCompile>
    <ClCompile Include="src\HL_BuildScene.cpp">
      <Filter>HardLight</Filter>
    </ClCompile>
    <ClCompile Include="src\ParsedFile.cpp">
      <Filter>objLoader</Filter>
    </ClCompile>
    <ClCompile Include="src\objParser.cpp">
      <Filter>objLoader</Filter>
    </ClCompile>
    <ClCompile Include="src\ShaderTools.cpp">
      <Filter>Rendering</Filter>
    </ClCompile>
    <ClCompile Include="src\MeshData.cpp">
      <Filter>Rendering</Filter>
    </ClCompile>
    <ClCompile Include="src\MeshMap.cpp">
      <Filter>Rendering</Filter>
    </ClCompile>
    <ClCompile Include="SoundMixer.cpp">
      <Filter>Sound</Filter>
    </ClCompile>
    <ClCompile Include="src\Entity.cpp">
      <Filter>World</Filter>
    </ClCompile>
    <ClCompile Include="src\World.cpp">
      <Filter>World</Filter>
    </ClCompile>
    <ClCompile Include="src\Vehicle\Bikes.cpp">
      <Filter>World\Vehicle</Filter>
    </ClCompile>
    <ClCompile Include="src\Vehicle\Bot_Bike.cpp">
      <Filter>World\Vehicle</Filter>
    </ClCompile>
    <ClCompile Include="src\Vehicle\Player_Bike.cpp">
      <Filter>World\Vehicle</Filter>
    </ClCompile>
    <ClCompile Include="src\Vehicle\Bike.cpp">
      <Filter>World\Vehicle</Filter>
    </ClCompile>
    <ClCompile Include="src\AI\AI.cpp">
      <Filter>World\AI</Filter>
    </ClCompile>
    <ClCompile Include="src\AI\Bot_Controller.cpp">
      <Filter>World\AI</Filter>
    </ClCompile>
    <ClCompile Include="TailSegment.cpp">
      <Filter>World\Vehicle</Filter>
    </ClCompile>
    <ClCompile Include="TailWall.cpp">
      <Filter>World\Vehicle</Filter>
    </ClCompile>
  </ItemGroup>
  <ItemGroup>
    <ClInclude Include="inih\ini.h">
      <Filter>INIReader</Filter>
    </ClInclude>
    <ClInclude Include="inih\cpp\INIReader.h">
      <Filter>INIReader</Filter>
    </ClInclude>
    <ClInclude Include="SnippetVehicleCommon\SnippetVehicleWheelQueryResult.h">
      <Filter>PhysX</Filter>
    </ClInclude>
    <ClInclude Include="SnippetVehicleCommon\SnippetVehicleConcurrency.h">
      <Filter>PhysX</Filter>
    </ClInclude>
    <ClInclude Include="SnippetVehicleCommon\SnippetVehicleCreate.h">
      <Filter>PhysX</Filter>
    </ClInclude>
    <ClInclude Include="SnippetVehicleCommon\SnippetVehicleFilterShader.h">
      <Filter>PhysX</Filter>
    </ClInclude>
    <ClInclude Include="SnippetVehicleCommon\SnippetVehicleProfiler.h">
      <Filter>PhysX</Filter>
    </ClInclude>
    <ClInclude Include="SnippetVehicleCommon\SnippetVehicleRaycast.h">
      <Filter>PhysX</Filter>
    </ClInclude>
    <ClInclude Include="SnippetVehicleCommon\SnippetVehicleTireFriction.h">
      <Filter>PhysX</Filter>
    </ClInclude>
    <ClInclude Include="include\HardLight.h">
      <Filter>HardLight</Filter>
    </ClInclude>
    <ClInclude Include="include\objParser.h">
      <Filter>objLoader</Filter>
    </ClInclude>
    <ClInclude Include="include\ParsedFile.h">
      <Filter>objLoader</Filter>
    </ClInclude>
    <ClInclude Include="include\Entity.h">
      <Filter>World</Filter>
    </ClInclude>
    <ClInclude Include="include\SkyBox.h">
      <Filter>World</Filter>
    </ClInclude>
    <ClInclude Include="include\World.h">
      <Filter>World</Filter>
    </ClInclude>
    <ClInclude Include="include\EntityTypes.h">
      <Filter>World</Filter>
    </ClInclude>
    <ClInclude Include="include\SoundMixer.h">
      <Filter>Sound</Filter>
    </ClInclude>
    <ClInclude Include="include\MeshData.h" />
    <ClInclude Include="include\MeshMap.h" />
    <ClInclude Include="include\ShaderTools.h" />
    <ClInclude Include="include\Vehicle\Bikes.h">
      <Filter>World\Vehicle</Filter>
    </ClInclude>
    <ClInclude Include="include\Vehicle\Bot_Bike.h">
      <Filter>World\Vehicle</Filter>
    </ClInclude>
    <ClInclude Include="include\Vehicle\Player_Bike.h">
      <Filter>World\Vehicle</Filter>
    </ClInclude>
    <ClInclude Include="include\Vehicle\Bike.h">
      <Filter>World\Vehicle</Filter>
    </ClInclude>
    <ClInclude Include="include\AI\Bot_Controller.h">
      <Filter>World\AI</Filter>
    </ClInclude>
    <ClInclude Include="include\AI\AI.h">
      <Filter>World\AI</Filter>
    </ClInclude>
    <ClInclude Include="include\TailSegment.h">
      <Filter>World\Vehicle</Filter>
    </ClInclude>
    <ClInclude Include="TailWall.h">
      <Filter>World\Vehicle</Filter>
    </ClInclude>
  </ItemGroup>
  <ItemGroup>
    <Filter Include="HardLight">
      <UniqueIdentifier>{834a1969-b312-40cf-bc74-4afd760c0d6e}</UniqueIdentifier>
    </Filter>
    <Filter Include="INIReader">
      <UniqueIdentifier>{062dd5b1-9f31-484a-85a7-9dd0d0c18343}</UniqueIdentifier>
    </Filter>
    <Filter Include="PhysX">
      <UniqueIdentifier>{924186b8-7d0c-48b6-8938-fc51e1d8656a}</UniqueIdentifier>
    </Filter>
    <Filter Include="World">
      <UniqueIdentifier>{d2527940-1e40-4163-8eab-4e3b031a1519}</UniqueIdentifier>
    </Filter>
    <Filter Include="objLoader">
      <UniqueIdentifier>{d2a24f12-16d4-46e2-9f66-d82788bb2e39}</UniqueIdentifier>
    </Filter>
    <Filter Include="Rendering">
      <UniqueIdentifier>{03dbf43f-682b-4f3a-a158-14cb5be4cfe5}</UniqueIdentifier>
    </Filter>
    <Filter Include="Sound">
      <UniqueIdentifier>{06699f33-7277-4aa2-9250-0f2a4bb6f079}</UniqueIdentifier>
    </Filter>
    <Filter Include="World\Vehicle">
      <UniqueIdentifier>{645cb868-ef68-48b8-9974-21e2bd0d1951}</UniqueIdentifier>
    </Filter>
    <Filter Include="World\AI">
      <UniqueIdentifier>{5bfe7afb-78fd-4b41-90e4-8d49d71f56dc}</UniqueIdentifier>
    </Filter>
  </ItemGroup>
  <ItemGroup>
    <None Include="config.ini">
      <Filter>HardLight</Filter>
    </None>
    <None Include="basic_fs.glsl">
      <Filter>Rendering</Filter>
    </None>
    <None Include="basic_vs.glsl">
      <Filter>Rendering</Filter>
    </None>
  </ItemGroup>
</Project>