<?xml version="1.0" encoding="utf-8"?>
<Project ToolsVersion="4.0" xmlns="http://schemas.microsoft.com/developer/msbuild/2003">
  <ItemGroup>
    <ClCompile Include="main.cpp" />
    <ClCompile Include="inih\ini.c">
      <Filter>INIReader</Filter>
    </ClCompile>
    <ClCompile Include="inih\cpp\INIReader.cpp">
      <Filter>INIReader</Filter>
    </ClCompile>
    <ClCompile Include="SkyBox.cpp">
      <Filter>World</Filter>
    </ClCompile>
    <ClCompile Include="src\HardLight.cpp">
      <Filter>HardLight</Filter>
    </ClCompile>
    <ClCompile Include="src\HL_OnCleanup.cpp">
      <Filter>HardLight</Filter>
    </ClCompile>
    <ClCompile Include="src\HL_OnEvent.cpp">
      <Filter>HardLight</Filter>
    </ClCompile>
    <ClCompile Include="src\HL_OnExecute.cpp">
      <Filter>HardLight</Filter>
    </ClCompile>
    <ClCompile Include="src\HL_OnInit.cpp">
      <Filter>HardLight</Filter>
    </ClCompile>
    <ClCompile Include="src\HL_OnLoop.cpp">
      <Filter>HardLight</Filter>
    </ClCompile>
    <ClCompile Include="src\HL_OnRender.cpp">
      <Filter>HardLight</Filter>
    </ClCompile>
    <ClCompile Include="src\HL_BuildScene.cpp">
      <Filter>HardLight</Filter>
    </ClCompile>
    <ClCompile Include="src\ParsedFile.cpp">
      <Filter>objLoader</Filter>
    </ClCompile>
    <ClCompile Include="src\objParser.cpp">
      <Filter>objLoader</Filter>
    </ClCompile>
    <ClCompile Include="src\ShaderTools.cpp">
      <Filter>Rendering</Filter>
    </ClCompile>
    <ClCompile Include="src\MeshData.cpp">
      <Filter>Rendering</Filter>
    </ClCompile>
    <ClCompile Include="src\MeshMap.cpp">
      <Filter>Rendering</Filter>
    </ClCompile>
    <ClCompile Include="SoundMixer.cpp">
      <Filter>Sound</Filter>
    </ClCompile>
    <ClCompile Include="src\Entity.cpp">
      <Filter>World</Filter>
    </ClCompile>
    <ClCompile Include="src\World.cpp">
      <Filter>World</Filter>
    </ClCompile>
    <ClCompile Include="src\AI\AI.cpp">
      <Filter>World\AI</Filter>
    </ClCompile>
    <ClCompile Include="src\Controls\Bot_Controller.cpp">
      <Filter>World\Controls</Filter>
    </ClCompile>
    <ClCompile Include="src\Controls\Player_Controller.cpp">
      <Filter>World\Controls</Filter>
    </ClCompile>
    <ClCompile Include="src\Controls\Controller.cpp">
      <Filter>World\Controls</Filter>
    </ClCompile>
    <ClCompile Include="src\HL_OnContact.cpp">
      <Filter>HardLight</Filter>
    </ClCompile>
    <ClCompile Include="src\Vehicle\CreateVehicle.cpp">
      <Filter>World\Vehicle</Filter>
    </ClCompile>
    <ClCompile Include="src\PhysxAgent.cpp">
      <Filter>PhysX</Filter>
    </ClCompile>
    <ClCompile Include="src\Common.cpp" />
    <ClCompile Include="src\Vehicle\TailSegment.cpp">
      <Filter>World\Vehicle</Filter>
    </ClCompile>
    <ClCompile Include="src\Vehicle\TailWall.cpp">
      <Filter>World\Vehicle</Filter>
    </ClCompile>
    <ClCompile Include="src\Wall.cpp">
      <Filter>World</Filter>
    </ClCompile>
    <ClCompile Include="src\Element.cpp">
      <Filter>Scene</Filter>
    </ClCompile>
    <ClCompile Include="src\Image.cpp">
      <Filter>Scene</Filter>
    </ClCompile>
    <ClCompile Include="src\Button.cpp">
      <Filter>Scene</Filter>
    </ClCompile>
    <ClCompile Include="src\Rendering\TextureMap.cpp">
      <Filter>Rendering</Filter>
    </ClCompile>
    <ClCompile Include="src\GUI.cpp">
      <Filter>Scene</Filter>
    </ClCompile>
    <ClCompile Include="src\PhysX\PA_MeshCreation.cpp">
      <Filter>PhysX</Filter>
    </ClCompile>
    <ClCompile Include="SnippetVehicleCommon\SnippetVehicle4WCreate.cpp">
      <Filter>PhysXSnippets</Filter>
    </ClCompile>
    <ClCompile Include="SnippetVehicleCommon\SnippetVehicleCreate.cpp">
      <Filter>PhysXSnippets</Filter>
    </ClCompile>
    <ClCompile Include="SnippetVehicleCommon\SnippetVehicleFilterShader.cpp">
      <Filter>PhysXSnippets</Filter>
    </ClCompile>
    <ClCompile Include="SnippetVehicleCommon\SnippetVehicleNoDriveCreate.cpp">
      <Filter>PhysXSnippets</Filter>
    </ClCompile>
    <ClCompile Include="SnippetVehicleCommon\SnippetVehicleRaycast.cpp">
      <Filter>PhysXSnippets</Filter>
    </ClCompile>
    <ClCompile Include="SnippetVehicleCommon\SnippetVehicleTireFriction.cpp">
      <Filter>PhysXSnippets</Filter>
    </ClCompile>
    <ClCompile Include="src\PhysX\PA_FilterShader.cpp">
      <Filter>PhysX</Filter>
    </ClCompile>
    <ClCompile Include="src\Menu.cpp">
      <Filter>World</Filter>
    </ClCompile>
    <ClCompile Include="src\Rendering\Viewports.cpp">
      <Filter>Rendering</Filter>
    </ClCompile>
    <ClCompile Include="src\Vehicle\BikeManager.cpp">
      <Filter>World\Vehicle</Filter>
    </ClCompile>
    <ClCompile Include="src\Vehicle\Chassis.cpp">
      <Filter>World\Vehicle</Filter>
    </ClCompile>
    <ClCompile Include="src\Vehicle\Bike.cpp">
      <Filter>World\Vehicle</Filter>
    </ClCompile>
    <ClCompile Include="src\KeyMappings.cpp">
      <Filter>World</Filter>
    </ClCompile>
    <ClCompile Include="src\PhysX\PA_PxLookAt.cpp">
      <Filter>PhysX</Filter>
    </ClCompile>
    <ClCompile Include="src\Camera.cpp" />
    <ClCompile Include="src\Powerup\Instant.cpp">
      <Filter>World\Powerup</Filter>
    </ClCompile>
    <ClCompile Include="src\Powerup\InstantEntity.cpp">
      <Filter>World\Powerup</Filter>
    </ClCompile>
    <ClCompile Include="src\Powerup\PowerupManager.cpp">
      <Filter>World\Powerup</Filter>
    </ClCompile>
    <ClCompile Include="src\Powerup\Hold.cpp">
      <Filter>World\Powerup</Filter>
    </ClCompile>
    <ClCompile Include="src\Powerup\HoldEntity.cpp">
      <Filter>World\Powerup</Filter>
    </ClCompile>
  </ItemGroup>
  <ItemGroup>
    <ClInclude Include="inih\ini.h">
      <Filter>INIReader</Filter>
    </ClInclude>
    <ClInclude Include="inih\cpp\INIReader.h">
      <Filter>INIReader</Filter>
    </ClInclude>
    <ClInclude Include="include\HardLight.h">
      <Filter>HardLight</Filter>
    </ClInclude>
    <ClInclude Include="include\objParser.h">
      <Filter>objLoader</Filter>
    </ClInclude>
    <ClInclude Include="include\ParsedFile.h">
      <Filter>objLoader</Filter>
    </ClInclude>
    <ClInclude Include="include\Entity.h">
      <Filter>World</Filter>
    </ClInclude>
    <ClInclude Include="include\SkyBox.h">
      <Filter>World</Filter>
    </ClInclude>
    <ClInclude Include="include\World.h">
      <Filter>World</Filter>
    </ClInclude>
    <ClInclude Include="include\EntityTypes.h">
      <Filter>World</Filter>
    </ClInclude>
    <ClInclude Include="include\SoundMixer.h">
      <Filter>Sound</Filter>
    </ClInclude>
    <ClInclude Include="include\AI\AI.h">
      <Filter>World\AI</Filter>
    </ClInclude>
    <ClInclude Include="include\Controls\Bot_Controller.h">
      <Filter>World\Controls</Filter>
    </ClInclude>
    <ClInclude Include="include\Controls\Controller.h">
      <Filter>World\Controls</Filter>
    </ClInclude>
    <ClInclude Include="include\Controls\Player_Controller.h">
      <Filter>World\Controls</Filter>
    </ClInclude>
    <ClInclude Include="include\Vehicle\CreateVehicle.h">
      <Filter>World\Vehicle</Filter>
    </ClInclude>
    <ClInclude Include="include\PhysxAgent.h">
      <Filter>PhysX</Filter>
    </ClInclude>
    <ClInclude Include="include\Common.h" />
    <ClInclude Include="include\Vehicle\TailSegment.h">
      <Filter>World\Vehicle</Filter>
    </ClInclude>
    <ClInclude Include="include\Vehicle\TailWall.h">
      <Filter>World\Vehicle</Filter>
    </ClInclude>
    <ClInclude Include="include\Wall.h">
      <Filter>World</Filter>
    </ClInclude>
    <ClInclude Include="include\MeshData.h">
      <Filter>Rendering</Filter>
    </ClInclude>
    <ClInclude Include="include\MeshMap.h">
      <Filter>Rendering</Filter>
    </ClInclude>
    <ClInclude Include="include\ShaderTools.h">
      <Filter>Rendering</Filter>
    </ClInclude>
    <ClInclude Include="include\Button.h">
      <Filter>Scene</Filter>
    </ClInclude>
    <ClInclude Include="include\Element.h">
      <Filter>Scene</Filter>
    </ClInclude>
    <ClInclude Include="include\Image.h">
      <Filter>Scene</Filter>
    </ClInclude>
    <ClInclude Include="include\Rendering\TextureMap.h">
      <Filter>Rendering</Filter>
    </ClInclude>
    <ClInclude Include="include\GUI.h">
      <Filter>Scene</Filter>
    </ClInclude>
    <ClInclude Include="SceneTypes.h">
      <Filter>HardLight</Filter>
    </ClInclude>
    <ClInclude Include="SnippetVehicleCommon\SnippetVehicleConcurrency.h">
      <Filter>PhysXSnippets</Filter>
    </ClInclude>
    <ClInclude Include="SnippetVehicleCommon\SnippetVehicleCreate.h">
      <Filter>PhysXSnippets</Filter>
    </ClInclude>
    <ClInclude Include="SnippetVehicleCommon\SnippetVehicleFilterShader.h">
      <Filter>PhysXSnippets</Filter>
    </ClInclude>
    <ClInclude Include="SnippetVehicleCommon\SnippetVehicleProfiler.h">
      <Filter>PhysXSnippets</Filter>
    </ClInclude>
    <ClInclude Include="SnippetVehicleCommon\SnippetVehicleRaycast.h">
      <Filter>PhysXSnippets</Filter>
    </ClInclude>
    <ClInclude Include="SnippetVehicleCommon\SnippetVehicleTireFriction.h">
      <Filter>PhysXSnippets</Filter>
    </ClInclude>
    <ClInclude Include="SnippetVehicleCommon\SnippetVehicleWheelQueryResult.h">
      <Filter>PhysXSnippets</Filter>
    </ClInclude>
    <ClInclude Include="include\Menu.h">
      <Filter>World</Filter>
    </ClInclude>
    <ClInclude Include="include\Rendering\Viewports.h">
      <Filter>Rendering</Filter>
    </ClInclude>
    <ClInclude Include="include\Vehicle\BikeManager.h">
      <Filter>World\Vehicle</Filter>
    </ClInclude>
    <ClInclude Include="include\Vehicle\Chassis.h">
      <Filter>World\Vehicle</Filter>
    </ClInclude>
    <ClInclude Include="include\Vehicle\Bike.h">
      <Filter>World\Vehicle</Filter>
    </ClInclude>
    <ClInclude Include="include\KeyMappings.h">
      <Filter>World</Filter>
    </ClInclude>
    <ClInclude Include="include\MapTypes.h">
      <Filter>World</Filter>
    </ClInclude>
    <ClInclude Include="include\Camera.h">
      <Filter>Rendering</Filter>
    </ClInclude>
    <ClInclude Include="include\Powerup\Instant.h">
      <Filter>World\Powerup</Filter>
    </ClInclude>
    <ClInclude Include="include\Powerup\InstantEntity.h">
      <Filter>World\Powerup</Filter>
    </ClInclude>
    <ClInclude Include="include\Powerup\Powerup.h">
      <Filter>World\Powerup</Filter>
    </ClInclude>
    <ClInclude Include="include\Powerup\PowerupManager.h">
      <Filter>World\Powerup</Filter>
    </ClInclude>
    <ClInclude Include="include\Powerup\Hold.h">
      <Filter>World\Powerup</Filter>
    </ClInclude>
    <ClInclude Include="include\Powerup\HoldEntity.h">
      <Filter>World\Powerup</Filter>
    </ClInclude>
  </ItemGroup>
  <ItemGroup>
    <Filter Include="HardLight">
      <UniqueIdentifier>{834a1969-b312-40cf-bc74-4afd760c0d6e}</UniqueIdentifier>
    </Filter>
    <Filter Include="PhysX">
      <UniqueIdentifier>{924186b8-7d0c-48b6-8938-fc51e1d8656a}</UniqueIdentifier>
    </Filter>
    <Filter Include="World">
      <UniqueIdentifier>{d2527940-1e40-4163-8eab-4e3b031a1519}</UniqueIdentifier>
    </Filter>
    <Filter Include="objLoader">
      <UniqueIdentifier>{d2a24f12-16d4-46e2-9f66-d82788bb2e39}</UniqueIdentifier>
    </Filter>
    <Filter Include="Rendering">
      <UniqueIdentifier>{03dbf43f-682b-4f3a-a158-14cb5be4cfe5}</UniqueIdentifier>
    </Filter>
    <Filter Include="Sound">
      <UniqueIdentifier>{06699f33-7277-4aa2-9250-0f2a4bb6f079}</UniqueIdentifier>
    </Filter>
    <Filter Include="World\Vehicle">
      <UniqueIdentifier>{645cb868-ef68-48b8-9974-21e2bd0d1951}</UniqueIdentifier>
    </Filter>
    <Filter Include="World\AI">
      <UniqueIdentifier>{5bfe7afb-78fd-4b41-90e4-8d49d71f56dc}</UniqueIdentifier>
    </Filter>
    <Filter Include="World\Controls">
      <UniqueIdentifier>{83e7335a-00bc-46dc-8608-7bcb771b8a18}</UniqueIdentifier>
    </Filter>
    <Filter Include="Scene">
      <UniqueIdentifier>{42000ad5-4317-40a1-ba07-2ce504975fe9}</UniqueIdentifier>
    </Filter>
    <Filter Include="INIReader">
      <UniqueIdentifier>{062dd5b1-9f31-484a-85a7-9dd0d0c18343}</UniqueIdentifier>
    </Filter>
    <Filter Include="PhysXSnippets">
      <UniqueIdentifier>{515289e6-95d2-4976-bd1a-7e206555da2c}</UniqueIdentifier>
    </Filter>
    <Filter Include="World\Powerup">
      <UniqueIdentifier>{e7460a46-4272-4cd6-8e59-80b6518fb9eb}</UniqueIdentifier>
    </Filter>
  </ItemGroup>
  <ItemGroup>
    <None Include="config.ini">
      <Filter>HardLight</Filter>
    </None>
    <None Include="basic_fs.glsl">
      <Filter>Rendering</Filter>
    </None>
    <None Include="basic_vs.glsl">
      <Filter>Rendering</Filter>
    </None>
    <None Include="GameOver.ini">
      <Filter>Scene</Filter>
    </None>
    <None Include="MainMenu.ini">
      <Filter>Scene</Filter>
    </None>
    <None Include="Paused.ini">
      <Filter>Scene</Filter>
    </None>
  </ItemGroup>
</Project>